{
    "_readme": [
        "This file locks the dependencies of your project to a known state",
        "Read more about it at https://getcomposer.org/doc/01-basic-usage.md#installing-dependencies",
        "This file is @generated automatically"
    ],
    "content-hash": "603b92d7e2cc25b708dbb66ae8ecabd8",
    "packages": [
        {
            "name": "spatie/color",
            "version": "1.5.3",
            "source": {
                "type": "git",
                "url": "https://github.com/spatie/color.git",
                "reference": "49739265900cabce4640cd26c3266fd8d2cca390"
            },
            "dist": {
                "type": "zip",
                "url": "https://api.github.com/repos/spatie/color/zipball/49739265900cabce4640cd26c3266fd8d2cca390",
                "reference": "49739265900cabce4640cd26c3266fd8d2cca390",
                "shasum": ""
            },
            "require": {
                "php": "^7.3|^8.0"
            },
            "require-dev": {
                "pestphp/pest": "^1.22",
                "phpunit/phpunit": "^6.5||^9.0"
            },
            "type": "library",
            "autoload": {
                "psr-4": {
                    "Spatie\\Color\\": "src"
                }
            },
            "notification-url": "https://packagist.org/downloads/",
            "license": [
                "MIT"
            ],
            "authors": [
                {
                    "name": "Sebastian De Deyne",
                    "email": "sebastian@spatie.be",
                    "homepage": "https://spatie.be",
                    "role": "Developer"
                }
            ],
            "description": "A little library to handle color conversions",
            "homepage": "https://github.com/spatie/color",
            "keywords": [
                "color",
                "conversion",
                "rgb",
                "spatie"
            ],
            "funding": [
                {
                    "url": "https://github.com/spatie",
                    "type": "github"
                }
            ],
            "time": "2022-12-18T12:58:32+00:00"
        }
    ],
    "packages-dev": [],
    "aliases": [],
    "minimum-stability": "stable",
    "stability-flags": [],
    "prefer-stable": false,
    "prefer-lowest": false,
    "platform": [],
    "platform-dev": [],
    "plugin-api-version": "1.1.0"
}
